
Microsoft Visual Studio Solution File, Format Version 12.00
# Visual Studio 15
VisualStudioVersion = 15.0.28010.2046
MinimumVisualStudioVersion = 10.0.40219.1
Project("{8BC9CEB8-8B4A-11D0-8D11-00A0C91BC942}") = "ch_0", "ch_0\ch_0.vcxproj", "{28B8BB21-E33A-46EE-84B4-CE239C8CD93B}"
EndProject
Global
	GlobalSection(SolutionConfigurationPlatforms) = preSolution
		Debug|x64 = Debug|x64
		Debug|x86 = Debug|x86
		Release|x64 = Release|x64
		Release|x86 = Release|x86
	EndGlobalSection
	GlobalSection(ProjectConfigurationPlatforms) = postSolution
		{28B8BB21-E33A-46EE-84B4-CE239C8CD93B}.Debug|x64.ActiveCfg = Debug|x64
		{28B8BB21-E33A-46EE-84B4-CE239C8CD93B}.Debug|x64.Build.0 = Debug|x64
		{28B8BB21-E33A-46EE-84B4-CE239C8CD93B}.Debug|x86.ActiveCfg = Debug|Win32
		{28B8BB21-E33A-46EE-84B4-CE239C8CD93B}.Debug|x86.Build.0 = Debug|Win32
		{28B8BB21-E33A-46EE-84B4-CE239C8CD93B}.Release|x64.ActiveCfg = Release|x64
		{28B8BB21-E33A-46EE-84B4-CE239C8CD93B}.Release|x64.Build.0 = Release|x64
		{28B8BB21-E33A-46EE-84B4-CE239C8CD93B}.Release|x86.ActiveCfg = Release|Win32
		{28B8BB21-E33A-46EE-84B4-CE239C8CD93B}.Release|x86.Build.0 = Release|Win32
	EndGlobalSection
	GlobalSection(SolutionProperties) = preSolution
		HideSolutionNode = FALSE
	EndGlobalSection
	GlobalSection(ExtensibilityGlobals) = postSolution
		SolutionGuid = {BAC3EFB6-9740-4CA4-946E-AE0CAD0658D2}
	EndGlobalSection
EndGlobal
